// !$*UTF8*$!
{
	archiveVersion = 1;
	classes = {
	};
	objectVersion = 56;
	objects = {

/* Begin PBXBuildFile section */
		43137D1E2A3C88CC0081D90A /* WatchReflections Watch App.app in Embed Watch Content */ = {isa = PBXBuildFile; fileRef = 43137D1D2A3C88CC0081D90A /* WatchReflections Watch App.app */; settings = {ATTRIBUTES = (RemoveHeadersOnCopy, ); }; };
		43137D232A3C88CC0081D90A /* WatchReflectionsApp.swift in Sources */ = {isa = PBXBuildFile; fileRef = 43137D222A3C88CC0081D90A /* WatchReflectionsApp.swift */; };
		43137D252A3C88CC0081D90A /* SwipeCardView.swift in Sources */ = {isa = PBXBuildFile; fileRef = 43137D242A3C88CC0081D90A /* SwipeCardView.swift */; };
		43137D272A3C88CD0081D90A /* Assets.xcassets in Resources */ = {isa = PBXBuildFile; fileRef = 43137D262A3C88CD0081D90A /* Assets.xcassets */; };
		43137D2A2A3C88CD0081D90A /* Preview Assets.xcassets in Resources */ = {isa = PBXBuildFile; fileRef = 43137D292A3C88CD0081D90A /* Preview Assets.xcassets */; };
		43C18EDF2A38FF4700E44145 /* UIMenuIdentifier+Extension.swift in Sources */ = {isa = PBXBuildFile; fileRef = 43C18EDE2A38FF4700E44145 /* UIMenuIdentifier+Extension.swift */; };
		43C18EE42A3902EE00E44145 /* FontResizing.swift in Sources */ = {isa = PBXBuildFile; fileRef = 43C18EE32A3902EE00E44145 /* FontResizing.swift */; };
		43C18EE62A39E2A000E44145 /* ReflectionViewModel.swift in Sources */ = {isa = PBXBuildFile; fileRef = 43C18EE52A39E2A000E44145 /* ReflectionViewModel.swift */; };
		43CD2D1C2A3655F30037E1E4 /* AppDelegate.swift in Sources */ = {isa = PBXBuildFile; fileRef = 43CD2D1B2A3655F30037E1E4 /* AppDelegate.swift */; };
		43CD2D1E2A3655F30037E1E4 /* SceneDelegate.swift in Sources */ = {isa = PBXBuildFile; fileRef = 43CD2D1D2A3655F30037E1E4 /* SceneDelegate.swift */; };
		43CD2D202A3655F30037E1E4 /* ReflectionListViewController.swift in Sources */ = {isa = PBXBuildFile; fileRef = 43CD2D1F2A3655F30037E1E4 /* ReflectionListViewController.swift */; };
		43CD2D282A3655F40037E1E4 /* Assets.xcassets in Resources */ = {isa = PBXBuildFile; fileRef = 43CD2D272A3655F40037E1E4 /* Assets.xcassets */; };
		43CD2D2B2A3655F40037E1E4 /* LaunchScreen.storyboard in Resources */ = {isa = PBXBuildFile; fileRef = 43CD2D292A3655F40037E1E4 /* LaunchScreen.storyboard */; };
		43CD2D362A3655F40037E1E4 /* ReflectionsTests.swift in Sources */ = {isa = PBXBuildFile; fileRef = 43CD2D352A3655F40037E1E4 /* ReflectionsTests.swift */; };
		43CD2D502A3659EC0037E1E4 /* Reflection.swift in Sources */ = {isa = PBXBuildFile; fileRef = 43CD2D4F2A3659EC0037E1E4 /* Reflection.swift */; };
		43CD2D522A365D140037E1E4 /* ReflectionViewController.swift in Sources */ = {isa = PBXBuildFile; fileRef = 43CD2D512A365D140037E1E4 /* ReflectionViewController.swift */; };
		43CD2D5F2A3668F60037E1E4 /* EmptyReflectionViewController.swift in Sources */ = {isa = PBXBuildFile; fileRef = 43CD2D5E2A3668F60037E1E4 /* EmptyReflectionViewController.swift */; };
		43CD2D832A36C61E0037E1E4 /* Nuvem in Frameworks */ = {isa = PBXBuildFile; productRef = 43CD2D822A36C61E0037E1E4 /* Nuvem */; };
		43CD2D852A36C9F40037E1E4 /* CloudKit+Extension.swift in Sources */ = {isa = PBXBuildFile; fileRef = 43CD2D842A36C9F40037E1E4 /* CloudKit+Extension.swift */; };
		43CD2D872A36ED930037E1E4 /* ReflectionListViewModel.swift in Sources */ = {isa = PBXBuildFile; fileRef = 43CD2D862A36ED930037E1E4 /* ReflectionListViewModel.swift */; };
		43CD2D922A36EE6D0037E1E4 /* ReflectionListViewController+TableViewDelegateDataSource.swift in Sources */ = {isa = PBXBuildFile; fileRef = 43CD2D912A36EE6D0037E1E4 /* ReflectionListViewController+TableViewDelegateDataSource.swift */; };
		43CD2D962A3761740037E1E4 /* README.md in Resources */ = {isa = PBXBuildFile; fileRef = 43CD2D952A3761740037E1E4 /* README.md */; };
/* End PBXBuildFile section */

/* Begin PBXContainerItemProxy section */
		43137D1F2A3C88CC0081D90A /* PBXContainerItemProxy */ = {
			isa = PBXContainerItemProxy;
			containerPortal = 43CD2D102A3655F30037E1E4 /* Project object */;
			proxyType = 1;
			remoteGlobalIDString = 43137D1C2A3C88CC0081D90A;
			remoteInfo = "WatchReflections Watch App";
		};
		43CD2D322A3655F40037E1E4 /* PBXContainerItemProxy */ = {
			isa = PBXContainerItemProxy;
			containerPortal = 43CD2D102A3655F30037E1E4 /* Project object */;
			proxyType = 1;
			remoteGlobalIDString = 43CD2D172A3655F30037E1E4;
			remoteInfo = Reflections;
		};
/* End PBXContainerItemProxy section */

/* Begin PBXCopyFilesBuildPhase section */
		43137D2E2A3C88CD0081D90A /* Embed Watch Content */ = {
			isa = PBXCopyFilesBuildPhase;
			buildActionMask = 2147483647;
			dstPath = "$(CONTENTS_FOLDER_PATH)/Watch";
			dstSubfolderSpec = 16;
			files = (
				43137D1E2A3C88CC0081D90A /* WatchReflections Watch App.app in Embed Watch Content */,
			);
			name = "Embed Watch Content";
			runOnlyForDeploymentPostprocessing = 0;
		};
/* End PBXCopyFilesBuildPhase section */

/* Begin PBXFileReference section */
		43137D182A3C88CC0081D90A /* WatchReflections.app */ = {isa = PBXFileReference; explicitFileType = wrapper.application; includeInIndex = 0; path = WatchReflections.app; sourceTree = BUILT_PRODUCTS_DIR; };
		43137D1D2A3C88CC0081D90A /* WatchReflections Watch App.app */ = {isa = PBXFileReference; explicitFileType = wrapper.application; includeInIndex = 0; path = "WatchReflections Watch App.app"; sourceTree = BUILT_PRODUCTS_DIR; };
		43137D222A3C88CC0081D90A /* WatchReflectionsApp.swift */ = {isa = PBXFileReference; lastKnownFileType = sourcecode.swift; path = WatchReflectionsApp.swift; sourceTree = "<group>"; };
		43137D242A3C88CC0081D90A /* SwipeCardView.swift */ = {isa = PBXFileReference; lastKnownFileType = sourcecode.swift; path = SwipeCardView.swift; sourceTree = "<group>"; };
		43137D262A3C88CD0081D90A /* Assets.xcassets */ = {isa = PBXFileReference; lastKnownFileType = folder.assetcatalog; path = Assets.xcassets; sourceTree = "<group>"; };
		43137D292A3C88CD0081D90A /* Preview Assets.xcassets */ = {isa = PBXFileReference; lastKnownFileType = folder.assetcatalog; path = "Preview Assets.xcassets"; sourceTree = "<group>"; };
		43C18EDE2A38FF4700E44145 /* UIMenuIdentifier+Extension.swift */ = {isa = PBXFileReference; lastKnownFileType = sourcecode.swift; path = "UIMenuIdentifier+Extension.swift"; sourceTree = "<group>"; };
		43C18EE32A3902EE00E44145 /* FontResizing.swift */ = {isa = PBXFileReference; lastKnownFileType = sourcecode.swift; path = FontResizing.swift; sourceTree = "<group>"; };
		43C18EE52A39E2A000E44145 /* ReflectionViewModel.swift */ = {isa = PBXFileReference; lastKnownFileType = sourcecode.swift; path = ReflectionViewModel.swift; sourceTree = "<group>"; };
		43CD2D182A3655F30037E1E4 /* Reflections.app */ = {isa = PBXFileReference; explicitFileType = wrapper.application; includeInIndex = 0; path = Reflections.app; sourceTree = BUILT_PRODUCTS_DIR; };
		43CD2D1B2A3655F30037E1E4 /* AppDelegate.swift */ = {isa = PBXFileReference; lastKnownFileType = sourcecode.swift; path = AppDelegate.swift; sourceTree = "<group>"; };
		43CD2D1D2A3655F30037E1E4 /* SceneDelegate.swift */ = {isa = PBXFileReference; lastKnownFileType = sourcecode.swift; path = SceneDelegate.swift; sourceTree = "<group>"; };
		43CD2D1F2A3655F30037E1E4 /* ReflectionListViewController.swift */ = {isa = PBXFileReference; lastKnownFileType = sourcecode.swift; path = ReflectionListViewController.swift; sourceTree = "<group>"; };
		43CD2D272A3655F40037E1E4 /* Assets.xcassets */ = {isa = PBXFileReference; lastKnownFileType = folder.assetcatalog; path = Assets.xcassets; sourceTree = "<group>"; };
		43CD2D2A2A3655F40037E1E4 /* Base */ = {isa = PBXFileReference; lastKnownFileType = file.storyboard; name = Base; path = Base.lproj/LaunchScreen.storyboard; sourceTree = "<group>"; };
		43CD2D2C2A3655F40037E1E4 /* Info.plist */ = {isa = PBXFileReference; lastKnownFileType = text.plist.xml; path = Info.plist; sourceTree = "<group>"; };
		43CD2D312A3655F40037E1E4 /* ReflectionsTests.xctest */ = {isa = PBXFileReference; explicitFileType = wrapper.cfbundle; includeInIndex = 0; path = ReflectionsTests.xctest; sourceTree = BUILT_PRODUCTS_DIR; };
		43CD2D352A3655F40037E1E4 /* ReflectionsTests.swift */ = {isa = PBXFileReference; lastKnownFileType = sourcecode.swift; path = ReflectionsTests.swift; sourceTree = "<group>"; };
		43CD2D4E2A3656120037E1E4 /* Reflections.entitlements */ = {isa = PBXFileReference; lastKnownFileType = text.plist.entitlements; path = Reflections.entitlements; sourceTree = "<group>"; };
		43CD2D4F2A3659EC0037E1E4 /* Reflection.swift */ = {isa = PBXFileReference; lastKnownFileType = sourcecode.swift; path = Reflection.swift; sourceTree = "<group>"; };
		43CD2D512A365D140037E1E4 /* ReflectionViewController.swift */ = {isa = PBXFileReference; lastKnownFileType = sourcecode.swift; path = ReflectionViewController.swift; sourceTree = "<group>"; };
		43CD2D5E2A3668F60037E1E4 /* EmptyReflectionViewController.swift */ = {isa = PBXFileReference; lastKnownFileType = sourcecode.swift; path = EmptyReflectionViewController.swift; sourceTree = "<group>"; };
		43CD2D842A36C9F40037E1E4 /* CloudKit+Extension.swift */ = {isa = PBXFileReference; lastKnownFileType = sourcecode.swift; path = "CloudKit+Extension.swift"; sourceTree = "<group>"; };
		43CD2D862A36ED930037E1E4 /* ReflectionListViewModel.swift */ = {isa = PBXFileReference; lastKnownFileType = sourcecode.swift; path = ReflectionListViewModel.swift; sourceTree = "<group>"; };
		43CD2D912A36EE6D0037E1E4 /* ReflectionListViewController+TableViewDelegateDataSource.swift */ = {isa = PBXFileReference; lastKnownFileType = sourcecode.swift; path = "ReflectionListViewController+TableViewDelegateDataSource.swift"; sourceTree = "<group>"; };
		43CD2D952A3761740037E1E4 /* README.md */ = {isa = PBXFileReference; lastKnownFileType = net.daringfireball.markdown; path = README.md; sourceTree = "<group>"; };
/* End PBXFileReference section */

/* Begin PBXFrameworksBuildPhase section */
		43137D1A2A3C88CC0081D90A /* Frameworks */ = {
			isa = PBXFrameworksBuildPhase;
			buildActionMask = 2147483647;
			files = (
			);
			runOnlyForDeploymentPostprocessing = 0;
		};
		43CD2D152A3655F30037E1E4 /* Frameworks */ = {
			isa = PBXFrameworksBuildPhase;
			buildActionMask = 2147483647;
			files = (
				43CD2D832A36C61E0037E1E4 /* Nuvem in Frameworks */,
			);
			runOnlyForDeploymentPostprocessing = 0;
		};
		43CD2D2E2A3655F40037E1E4 /* Frameworks */ = {
			isa = PBXFrameworksBuildPhase;
			buildActionMask = 2147483647;
			files = (
			);
			runOnlyForDeploymentPostprocessing = 0;
		};
/* End PBXFrameworksBuildPhase section */

/* Begin PBXGroup section */
		43137D212A3C88CC0081D90A /* WatchReflections Watch App */ = {
			isa = PBXGroup;
			children = (
				43137D222A3C88CC0081D90A /* WatchReflectionsApp.swift */,
				43137D242A3C88CC0081D90A /* SwipeCardView.swift */,
				43137D262A3C88CD0081D90A /* Assets.xcassets */,
				43137D282A3C88CD0081D90A /* Preview Content */,
			);
			path = "WatchReflections Watch App";
			sourceTree = "<group>";
		};
		43137D282A3C88CD0081D90A /* Preview Content */ = {
			isa = PBXGroup;
			children = (
				43137D292A3C88CD0081D90A /* Preview Assets.xcassets */,
			);
			path = "Preview Content";
			sourceTree = "<group>";
		};
		43C18EE02A3902BE00E44145 /* Extensions */ = {
			isa = PBXGroup;
			children = (
				43C18EDE2A38FF4700E44145 /* UIMenuIdentifier+Extension.swift */,
				43CD2D842A36C9F40037E1E4 /* CloudKit+Extension.swift */,
			);
			path = Extensions;
			sourceTree = "<group>";
		};
		43CD2D0F2A3655F30037E1E4 = {
			isa = PBXGroup;
			children = (
				43CD2D952A3761740037E1E4 /* README.md */,
				43CD2D1A2A3655F30037E1E4 /* Reflections */,
				43CD2D342A3655F40037E1E4 /* ReflectionsTests */,
				43137D212A3C88CC0081D90A /* WatchReflections Watch App */,
				43CD2D192A3655F30037E1E4 /* Products */,
			);
			sourceTree = "<group>";
		};
		43CD2D192A3655F30037E1E4 /* Products */ = {
			isa = PBXGroup;
			children = (
				43CD2D182A3655F30037E1E4 /* Reflections.app */,
				43CD2D312A3655F40037E1E4 /* ReflectionsTests.xctest */,
				43137D182A3C88CC0081D90A /* WatchReflections.app */,
				43137D1D2A3C88CC0081D90A /* WatchReflections Watch App.app */,
			);
			name = Products;
			sourceTree = "<group>";
		};
		43CD2D1A2A3655F30037E1E4 /* Reflections */ = {
			isa = PBXGroup;
			children = (
				43CD2D4E2A3656120037E1E4 /* Reflections.entitlements */,
				43CD2D1B2A3655F30037E1E4 /* AppDelegate.swift */,
				43CD2D1D2A3655F30037E1E4 /* SceneDelegate.swift */,
				43CD2D902A36EE190037E1E4 /* ViewModel */,
				43CD2D8C2A36EDBB0037E1E4 /* Model */,
				43CD2D8F2A36EDEE0037E1E4 /* View */,
				43CD2D272A3655F40037E1E4 /* Assets.xcassets */,
				43CD2D292A3655F40037E1E4 /* LaunchScreen.storyboard */,
				43CD2D2C2A3655F40037E1E4 /* Info.plist */,
			);
			path = Reflections;
			sourceTree = "<group>";
		};
		43CD2D342A3655F40037E1E4 /* ReflectionsTests */ = {
			isa = PBXGroup;
			children = (
				43CD2D352A3655F40037E1E4 /* ReflectionsTests.swift */,
			);
			path = ReflectionsTests;
			sourceTree = "<group>";
		};
		43CD2D8A2A36EDA60037E1E4 /* Reflection */ = {
			isa = PBXGroup;
			children = (
				43CD2D512A365D140037E1E4 /* ReflectionViewController.swift */,
				43C18EE32A3902EE00E44145 /* FontResizing.swift */,
			);
			path = Reflection;
			sourceTree = "<group>";
		};
		43CD2D8B2A36EDAF0037E1E4 /* ReflectionList */ = {
			isa = PBXGroup;
			children = (
				43CD2D1F2A3655F30037E1E4 /* ReflectionListViewController.swift */,
				43CD2D912A36EE6D0037E1E4 /* ReflectionListViewController+TableViewDelegateDataSource.swift */,
			);
			path = ReflectionList;
			sourceTree = "<group>";
		};
		43CD2D8C2A36EDBB0037E1E4 /* Model */ = {
			isa = PBXGroup;
			children = (
				43C18EE02A3902BE00E44145 /* Extensions */,
				43CD2D4F2A3659EC0037E1E4 /* Reflection.swift */,
			);
			path = Model;
			sourceTree = "<group>";
		};
		43CD2D8D2A36EDCA0037E1E4 /* EmptyState */ = {
			isa = PBXGroup;
			children = (
				43CD2D5E2A3668F60037E1E4 /* EmptyReflectionViewController.swift */,
			);
			path = EmptyState;
			sourceTree = "<group>";
		};
		43CD2D8F2A36EDEE0037E1E4 /* View */ = {
			isa = PBXGroup;
			children = (
				43CD2D8B2A36EDAF0037E1E4 /* ReflectionList */,
				43CD2D8A2A36EDA60037E1E4 /* Reflection */,
				43CD2D8D2A36EDCA0037E1E4 /* EmptyState */,
			);
			path = View;
			sourceTree = "<group>";
		};
		43CD2D902A36EE190037E1E4 /* ViewModel */ = {
			isa = PBXGroup;
			children = (
				43CD2D862A36ED930037E1E4 /* ReflectionListViewModel.swift */,
				43C18EE52A39E2A000E44145 /* ReflectionViewModel.swift */,
			);
			path = ViewModel;
			sourceTree = "<group>";
		};
/* End PBXGroup section */

/* Begin PBXNativeTarget section */
		43137D172A3C88CC0081D90A /* WatchReflections */ = {
			isa = PBXNativeTarget;
			buildConfigurationList = 43137D2F2A3C88CD0081D90A /* Build configuration list for PBXNativeTarget "WatchReflections" */;
			buildPhases = (
				43137D162A3C88CC0081D90A /* Resources */,
				43137D2E2A3C88CD0081D90A /* Embed Watch Content */,
			);
			buildRules = (
			);
			dependencies = (
				43137D202A3C88CC0081D90A /* PBXTargetDependency */,
			);
			name = WatchReflections;
			productName = WatchReflections;
			productReference = 43137D182A3C88CC0081D90A /* WatchReflections.app */;
			productType = "com.apple.product-type.application.watchapp2-container";
		};
		43137D1C2A3C88CC0081D90A /* WatchReflections Watch App */ = {
			isa = PBXNativeTarget;
			buildConfigurationList = 43137D2B2A3C88CD0081D90A /* Build configuration list for PBXNativeTarget "WatchReflections Watch App" */;
			buildPhases = (
				43137D192A3C88CC0081D90A /* Sources */,
				43137D1A2A3C88CC0081D90A /* Frameworks */,
				43137D1B2A3C88CC0081D90A /* Resources */,
			);
			buildRules = (
			);
			dependencies = (
			);
			name = "WatchReflections Watch App";
			productName = "WatchReflections Watch App";
			productReference = 43137D1D2A3C88CC0081D90A /* WatchReflections Watch App.app */;
			productType = "com.apple.product-type.application";
		};
		43CD2D172A3655F30037E1E4 /* Reflections */ = {
			isa = PBXNativeTarget;
			buildConfigurationList = 43CD2D452A3655F40037E1E4 /* Build configuration list for PBXNativeTarget "Reflections" */;
			buildPhases = (
				43CD2D142A3655F30037E1E4 /* Sources */,
				43CD2D152A3655F30037E1E4 /* Frameworks */,
				43CD2D162A3655F30037E1E4 /* Resources */,
			);
			buildRules = (
			);
			dependencies = (
			);
			name = Reflections;
			packageProductDependencies = (
				43CD2D822A36C61E0037E1E4 /* Nuvem */,
			);
			productName = Reflections;
			productReference = 43CD2D182A3655F30037E1E4 /* Reflections.app */;
			productType = "com.apple.product-type.application";
		};
		43CD2D302A3655F40037E1E4 /* ReflectionsTests */ = {
			isa = PBXNativeTarget;
			buildConfigurationList = 43CD2D482A3655F40037E1E4 /* Build configuration list for PBXNativeTarget "ReflectionsTests" */;
			buildPhases = (
				43CD2D2D2A3655F40037E1E4 /* Sources */,
				43CD2D2E2A3655F40037E1E4 /* Frameworks */,
				43CD2D2F2A3655F40037E1E4 /* Resources */,
			);
			buildRules = (
			);
			dependencies = (
				43CD2D332A3655F40037E1E4 /* PBXTargetDependency */,
			);
			name = ReflectionsTests;
			productName = ReflectionsTests;
			productReference = 43CD2D312A3655F40037E1E4 /* ReflectionsTests.xctest */;
			productType = "com.apple.product-type.bundle.unit-test";
		};
/* End PBXNativeTarget section */

/* Begin PBXProject section */
		43CD2D102A3655F30037E1E4 /* Project object */ = {
			isa = PBXProject;
			attributes = {
				BuildIndependentTargetsInParallel = 1;
				LastSwiftUpdateCheck = 1430;
				LastUpgradeCheck = 1430;
				TargetAttributes = {
					43137D172A3C88CC0081D90A = {
						CreatedOnToolsVersion = 14.3.1;
					};
					43137D1C2A3C88CC0081D90A = {
						CreatedOnToolsVersion = 14.3.1;
					};
					43CD2D172A3655F30037E1E4 = {
						CreatedOnToolsVersion = 14.3.1;
					};
					43CD2D302A3655F40037E1E4 = {
						CreatedOnToolsVersion = 14.3.1;
						TestTargetID = 43CD2D172A3655F30037E1E4;
					};
				};
			};
			buildConfigurationList = 43CD2D132A3655F30037E1E4 /* Build configuration list for PBXProject "Reflections" */;
			compatibilityVersion = "Xcode 14.0";
			developmentRegion = en;
			hasScannedForEncodings = 0;
			knownRegions = (
				en,
				Base,
			);
			mainGroup = 43CD2D0F2A3655F30037E1E4;
			packageReferences = (
				43CD2D812A36C61E0037E1E4 /* XCRemoteSwiftPackageReference "nuvem" */,
			);
			productRefGroup = 43CD2D192A3655F30037E1E4 /* Products */;
			projectDirPath = "";
			projectRoot = "";
			targets = (
				43CD2D172A3655F30037E1E4 /* Reflections */,
				43CD2D302A3655F40037E1E4 /* ReflectionsTests */,
				43137D172A3C88CC0081D90A /* WatchReflections */,
				43137D1C2A3C88CC0081D90A /* WatchReflections Watch App */,
			);
		};
/* End PBXProject section */

/* Begin PBXResourcesBuildPhase section */
		43137D162A3C88CC0081D90A /* Resources */ = {
			isa = PBXResourcesBuildPhase;
			buildActionMask = 2147483647;
			files = (
			);
			runOnlyForDeploymentPostprocessing = 0;
		};
		43137D1B2A3C88CC0081D90A /* Resources */ = {
			isa = PBXResourcesBuildPhase;
			buildActionMask = 2147483647;
			files = (
				43137D2A2A3C88CD0081D90A /* Preview Assets.xcassets in Resources */,
				43137D272A3C88CD0081D90A /* Assets.xcassets in Resources */,
			);
			runOnlyForDeploymentPostprocessing = 0;
		};
		43CD2D162A3655F30037E1E4 /* Resources */ = {
			isa = PBXResourcesBuildPhase;
			buildActionMask = 2147483647;
			files = (
				43CD2D962A3761740037E1E4 /* README.md in Resources */,
				43CD2D2B2A3655F40037E1E4 /* LaunchScreen.storyboard in Resources */,
				43CD2D282A3655F40037E1E4 /* Assets.xcassets in Resources */,
			);
			runOnlyForDeploymentPostprocessing = 0;
		};
		43CD2D2F2A3655F40037E1E4 /* Resources */ = {
			isa = PBXResourcesBuildPhase;
			buildActionMask = 2147483647;
			files = (
			);
			runOnlyForDeploymentPostprocessing = 0;
		};
/* End PBXResourcesBuildPhase section */

/* Begin PBXSourcesBuildPhase section */
		43137D192A3C88CC0081D90A /* Sources */ = {
			isa = PBXSourcesBuildPhase;
			buildActionMask = 2147483647;
			files = (
				43137D252A3C88CC0081D90A /* SwipeCardView.swift in Sources */,
				43137D232A3C88CC0081D90A /* WatchReflectionsApp.swift in Sources */,
			);
			runOnlyForDeploymentPostprocessing = 0;
		};
		43CD2D142A3655F30037E1E4 /* Sources */ = {
			isa = PBXSourcesBuildPhase;
			buildActionMask = 2147483647;
			files = (
				43CD2D202A3655F30037E1E4 /* ReflectionListViewController.swift in Sources */,
				43C18EE62A39E2A000E44145 /* ReflectionViewModel.swift in Sources */,
				43CD2D1C2A3655F30037E1E4 /* AppDelegate.swift in Sources */,
				43CD2D502A3659EC0037E1E4 /* Reflection.swift in Sources */,
				43CD2D852A36C9F40037E1E4 /* CloudKit+Extension.swift in Sources */,
				43CD2D1E2A3655F30037E1E4 /* SceneDelegate.swift in Sources */,
				43CD2D5F2A3668F60037E1E4 /* EmptyReflectionViewController.swift in Sources */,
				43CD2D872A36ED930037E1E4 /* ReflectionListViewModel.swift in Sources */,
				43CD2D522A365D140037E1E4 /* ReflectionViewController.swift in Sources */,
				43C18EDF2A38FF4700E44145 /* UIMenuIdentifier+Extension.swift in Sources */,
				43CD2D922A36EE6D0037E1E4 /* ReflectionListViewController+TableViewDelegateDataSource.swift in Sources */,
				43C18EE42A3902EE00E44145 /* FontResizing.swift in Sources */,
			);
			runOnlyForDeploymentPostprocessing = 0;
		};
		43CD2D2D2A3655F40037E1E4 /* Sources */ = {
			isa = PBXSourcesBuildPhase;
			buildActionMask = 2147483647;
			files = (
				43CD2D362A3655F40037E1E4 /* ReflectionsTests.swift in Sources */,
			);
			runOnlyForDeploymentPostprocessing = 0;
		};
/* End PBXSourcesBuildPhase section */

/* Begin PBXTargetDependency section */
		43137D202A3C88CC0081D90A /* PBXTargetDependency */ = {
			isa = PBXTargetDependency;
			target = 43137D1C2A3C88CC0081D90A /* WatchReflections Watch App */;
			targetProxy = 43137D1F2A3C88CC0081D90A /* PBXContainerItemProxy */;
		};
		43CD2D332A3655F40037E1E4 /* PBXTargetDependency */ = {
			isa = PBXTargetDependency;
			target = 43CD2D172A3655F30037E1E4 /* Reflections */;
			targetProxy = 43CD2D322A3655F40037E1E4 /* PBXContainerItemProxy */;
		};
/* End PBXTargetDependency section */

/* Begin PBXVariantGroup section */
		43CD2D292A3655F40037E1E4 /* LaunchScreen.storyboard */ = {
			isa = PBXVariantGroup;
			children = (
				43CD2D2A2A3655F40037E1E4 /* Base */,
			);
			name = LaunchScreen.storyboard;
			sourceTree = "<group>";
		};
/* End PBXVariantGroup section */

/* Begin XCBuildConfiguration section */
		43137D2C2A3C88CD0081D90A /* Debug */ = {
			isa = XCBuildConfiguration;
			buildSettings = {
				ASSETCATALOG_COMPILER_APPICON_NAME = AppIcon;
				ASSETCATALOG_COMPILER_GLOBAL_ACCENT_COLOR_NAME = AccentColor;
				CODE_SIGN_STYLE = Automatic;
				CURRENT_PROJECT_VERSION = 1;
				DEVELOPMENT_ASSET_PATHS = "\"WatchReflections Watch App/Preview Content\"";
				DEVELOPMENT_TEAM = 526YR6WHWC;
				ENABLE_PREVIEWS = YES;
				GENERATE_INFOPLIST_FILE = YES;
				INFOPLIST_KEY_CFBundleDisplayName = WatchReflections;
				INFOPLIST_KEY_UISupportedInterfaceOrientations = "UIInterfaceOrientationPortrait UIInterfaceOrientationPortraitUpsideDown";
				INFOPLIST_KEY_WKWatchOnly = YES;
				LD_RUNPATH_SEARCH_PATHS = (
					"$(inherited)",
					"@executable_path/Frameworks",
				);
				MARKETING_VERSION = 1.0;
				PRODUCT_BUNDLE_IDENTIFIER = com.sharkberry.WatchReflections.watchkitapp;
				PRODUCT_NAME = "$(TARGET_NAME)";
				SDKROOT = watchos;
				SKIP_INSTALL = YES;
				SWIFT_EMIT_LOC_STRINGS = YES;
				SWIFT_VERSION = 5.0;
				TARGETED_DEVICE_FAMILY = 4;
				WATCHOS_DEPLOYMENT_TARGET = 9.4;
			};
			name = Debug;
		};
		43137D2D2A3C88CD0081D90A /* Release */ = {
			isa = XCBuildConfiguration;
			buildSettings = {
				ASSETCATALOG_COMPILER_APPICON_NAME = AppIcon;
				ASSETCATALOG_COMPILER_GLOBAL_ACCENT_COLOR_NAME = AccentColor;
				CODE_SIGN_STYLE = Automatic;
				CURRENT_PROJECT_VERSION = 1;
				DEVELOPMENT_ASSET_PATHS = "\"WatchReflections Watch App/Preview Content\"";
				DEVELOPMENT_TEAM = 526YR6WHWC;
				ENABLE_PREVIEWS = YES;
				GENERATE_INFOPLIST_FILE = YES;
				INFOPLIST_KEY_CFBundleDisplayName = WatchReflections;
				INFOPLIST_KEY_UISupportedInterfaceOrientations = "UIInterfaceOrientationPortrait UIInterfaceOrientationPortraitUpsideDown";
				INFOPLIST_KEY_WKWatchOnly = YES;
				LD_RUNPATH_SEARCH_PATHS = (
					"$(inherited)",
					"@executable_path/Frameworks",
				);
				MARKETING_VERSION = 1.0;
				PRODUCT_BUNDLE_IDENTIFIER = com.sharkberry.WatchReflections.watchkitapp;
				PRODUCT_NAME = "$(TARGET_NAME)";
				SDKROOT = watchos;
				SKIP_INSTALL = YES;
				SWIFT_EMIT_LOC_STRINGS = YES;
				SWIFT_VERSION = 5.0;
				TARGETED_DEVICE_FAMILY = 4;
				WATCHOS_DEPLOYMENT_TARGET = 9.4;
			};
			name = Release;
		};
		43137D302A3C88CD0081D90A /* Debug */ = {
			isa = XCBuildConfiguration;
			buildSettings = {
				ALWAYS_EMBED_SWIFT_STANDARD_LIBRARIES = YES;
				CODE_SIGN_STYLE = Automatic;
				CURRENT_PROJECT_VERSION = 1;
				DEVELOPMENT_TEAM = 526YR6WHWC;
				INFOPLIST_KEY_CFBundleDisplayName = WatchReflections;
				MARKETING_VERSION = 1.0;
				PRODUCT_BUNDLE_IDENTIFIER = com.sharkberry.WatchReflections;
				PRODUCT_NAME = "$(TARGET_NAME)";
				SWIFT_VERSION = 5.0;
			};
			name = Debug;
		};
		43137D312A3C88CD0081D90A /* Release */ = {
			isa = XCBuildConfiguration;
			buildSettings = {
				ALWAYS_EMBED_SWIFT_STANDARD_LIBRARIES = YES;
				CODE_SIGN_STYLE = Automatic;
				CURRENT_PROJECT_VERSION = 1;
				DEVELOPMENT_TEAM = 526YR6WHWC;
				INFOPLIST_KEY_CFBundleDisplayName = WatchReflections;
				MARKETING_VERSION = 1.0;
				PRODUCT_BUNDLE_IDENTIFIER = com.sharkberry.WatchReflections;
				PRODUCT_NAME = "$(TARGET_NAME)";
				SWIFT_VERSION = 5.0;
			};
			name = Release;
		};
		43CD2D432A3655F40037E1E4 /* Debug */ = {
			isa = XCBuildConfiguration;
			buildSettings = {
				ALWAYS_SEARCH_USER_PATHS = NO;
				CLANG_ANALYZER_NONNULL = YES;
				CLANG_ANALYZER_NUMBER_OBJECT_CONVERSION = YES_AGGRESSIVE;
				CLANG_CXX_LANGUAGE_STANDARD = "gnu++20";
				CLANG_ENABLE_MODULES = YES;
				CLANG_ENABLE_OBJC_ARC = YES;
				CLANG_ENABLE_OBJC_WEAK = YES;
				CLANG_WARN_BLOCK_CAPTURE_AUTORELEASING = YES;
				CLANG_WARN_BOOL_CONVERSION = YES;
				CLANG_WARN_COMMA = YES;
				CLANG_WARN_CONSTANT_CONVERSION = YES;
				CLANG_WARN_DEPRECATED_OBJC_IMPLEMENTATIONS = YES;
				CLANG_WARN_DIRECT_OBJC_ISA_USAGE = YES_ERROR;
				CLANG_WARN_DOCUMENTATION_COMMENTS = YES;
				CLANG_WARN_EMPTY_BODY = YES;
				CLANG_WARN_ENUM_CONVERSION = YES;
				CLANG_WARN_INFINITE_RECURSION = YES;
				CLANG_WARN_INT_CONVERSION = YES;
				CLANG_WARN_NON_LITERAL_NULL_CONVERSION = YES;
				CLANG_WARN_OBJC_IMPLICIT_RETAIN_SELF = YES;
				CLANG_WARN_OBJC_LITERAL_CONVERSION = YES;
				CLANG_WARN_OBJC_ROOT_CLASS = YES_ERROR;
				CLANG_WARN_QUOTED_INCLUDE_IN_FRAMEWORK_HEADER = YES;
				CLANG_WARN_RANGE_LOOP_ANALYSIS = YES;
				CLANG_WARN_STRICT_PROTOTYPES = YES;
				CLANG_WARN_SUSPICIOUS_MOVE = YES;
				CLANG_WARN_UNGUARDED_AVAILABILITY = YES_AGGRESSIVE;
				CLANG_WARN_UNREACHABLE_CODE = YES;
				CLANG_WARN__DUPLICATE_METHOD_MATCH = YES;
				COPY_PHASE_STRIP = NO;
				DEBUG_INFORMATION_FORMAT = dwarf;
				ENABLE_STRICT_OBJC_MSGSEND = YES;
				ENABLE_TESTABILITY = YES;
				GCC_C_LANGUAGE_STANDARD = gnu11;
				GCC_DYNAMIC_NO_PIC = NO;
				GCC_NO_COMMON_BLOCKS = YES;
				GCC_OPTIMIZATION_LEVEL = 0;
				GCC_PREPROCESSOR_DEFINITIONS = (
					"DEBUG=1",
					"$(inherited)",
				);
				GCC_WARN_64_TO_32_BIT_CONVERSION = YES;
				GCC_WARN_ABOUT_RETURN_TYPE = YES_ERROR;
				GCC_WARN_UNDECLARED_SELECTOR = YES;
				GCC_WARN_UNINITIALIZED_AUTOS = YES_AGGRESSIVE;
				GCC_WARN_UNUSED_FUNCTION = YES;
				GCC_WARN_UNUSED_VARIABLE = YES;
				IPHONEOS_DEPLOYMENT_TARGET = 16.0;
				MTL_ENABLE_DEBUG_INFO = INCLUDE_SOURCE;
				MTL_FAST_MATH = YES;
				ONLY_ACTIVE_ARCH = YES;
				SDKROOT = iphoneos;
				SWIFT_ACTIVE_COMPILATION_CONDITIONS = DEBUG;
				SWIFT_OPTIMIZATION_LEVEL = "-Onone";
				WATCHOS_DEPLOYMENT_TARGET = 9.4;
			};
			name = Debug;
		};
		43CD2D442A3655F40037E1E4 /* Release */ = {
			isa = XCBuildConfiguration;
			buildSettings = {
				ALWAYS_SEARCH_USER_PATHS = NO;
				CLANG_ANALYZER_NONNULL = YES;
				CLANG_ANALYZER_NUMBER_OBJECT_CONVERSION = YES_AGGRESSIVE;
				CLANG_CXX_LANGUAGE_STANDARD = "gnu++20";
				CLANG_ENABLE_MODULES = YES;
				CLANG_ENABLE_OBJC_ARC = YES;
				CLANG_ENABLE_OBJC_WEAK = YES;
				CLANG_WARN_BLOCK_CAPTURE_AUTORELEASING = YES;
				CLANG_WARN_BOOL_CONVERSION = YES;
				CLANG_WARN_COMMA = YES;
				CLANG_WARN_CONSTANT_CONVERSION = YES;
				CLANG_WARN_DEPRECATED_OBJC_IMPLEMENTATIONS = YES;
				CLANG_WARN_DIRECT_OBJC_ISA_USAGE = YES_ERROR;
				CLANG_WARN_DOCUMENTATION_COMMENTS = YES;
				CLANG_WARN_EMPTY_BODY = YES;
				CLANG_WARN_ENUM_CONVERSION = YES;
				CLANG_WARN_INFINITE_RECURSION = YES;
				CLANG_WARN_INT_CONVERSION = YES;
				CLANG_WARN_NON_LITERAL_NULL_CONVERSION = YES;
				CLANG_WARN_OBJC_IMPLICIT_RETAIN_SELF = YES;
				CLANG_WARN_OBJC_LITERAL_CONVERSION = YES;
				CLANG_WARN_OBJC_ROOT_CLASS = YES_ERROR;
				CLANG_WARN_QUOTED_INCLUDE_IN_FRAMEWORK_HEADER = YES;
				CLANG_WARN_RANGE_LOOP_ANALYSIS = YES;
				CLANG_WARN_STRICT_PROTOTYPES = YES;
				CLANG_WARN_SUSPICIOUS_MOVE = YES;
				CLANG_WARN_UNGUARDED_AVAILABILITY = YES_AGGRESSIVE;
				CLANG_WARN_UNREACHABLE_CODE = YES;
				CLANG_WARN__DUPLICATE_METHOD_MATCH = YES;
				COPY_PHASE_STRIP = NO;
				DEBUG_INFORMATION_FORMAT = "dwarf-with-dsym";
				ENABLE_NS_ASSERTIONS = NO;
				ENABLE_STRICT_OBJC_MSGSEND = YES;
				GCC_C_LANGUAGE_STANDARD = gnu11;
				GCC_NO_COMMON_BLOCKS = YES;
				GCC_WARN_64_TO_32_BIT_CONVERSION = YES;
				GCC_WARN_ABOUT_RETURN_TYPE = YES_ERROR;
				GCC_WARN_UNDECLARED_SELECTOR = YES;
				GCC_WARN_UNINITIALIZED_AUTOS = YES_AGGRESSIVE;
				GCC_WARN_UNUSED_FUNCTION = YES;
				GCC_WARN_UNUSED_VARIABLE = YES;
				IPHONEOS_DEPLOYMENT_TARGET = 16.0;
				MTL_ENABLE_DEBUG_INFO = NO;
				MTL_FAST_MATH = YES;
				SDKROOT = iphoneos;
				SWIFT_COMPILATION_MODE = wholemodule;
				SWIFT_OPTIMIZATION_LEVEL = "-O";
				VALIDATE_PRODUCT = YES;
				WATCHOS_DEPLOYMENT_TARGET = 9.4;
			};
			name = Release;
		};
		43CD2D462A3655F40037E1E4 /* Debug */ = {
			isa = XCBuildConfiguration;
			buildSettings = {
				ASSETCATALOG_COMPILER_APPICON_NAME = AppIcon;
				ASSETCATALOG_COMPILER_GLOBAL_ACCENT_COLOR_NAME = AccentColor;
				CODE_SIGN_ENTITLEMENTS = Reflections/Reflections.entitlements;
				CODE_SIGN_STYLE = Manual;
				CURRENT_PROJECT_VERSION = 1;
				DEVELOPMENT_TEAM = "";
				GENERATE_INFOPLIST_FILE = YES;
				INFOPLIST_FILE = Reflections/Info.plist;
				INFOPLIST_KEY_LSApplicationCategoryType = "public.app-category.education";
				INFOPLIST_KEY_UIApplicationSupportsIndirectInputEvents = YES;
				INFOPLIST_KEY_UILaunchStoryboardName = LaunchScreen.storyboard;
				INFOPLIST_KEY_UIMainStoryboardFile = "";
				INFOPLIST_KEY_UISupportedInterfaceOrientations = "UIInterfaceOrientationLandscapeLeft UIInterfaceOrientationLandscapeRight UIInterfaceOrientationPortrait";
				INFOPLIST_KEY_UISupportedInterfaceOrientations_iPad = "UIInterfaceOrientationLandscapeLeft UIInterfaceOrientationLandscapeRight UIInterfaceOrientationPortrait UIInterfaceOrientationPortraitUpsideDown";
				IPHONEOS_DEPLOYMENT_TARGET = 16;
				LD_RUNPATH_SEARCH_PATHS = (
					"$(inherited)",
					"@executable_path/Frameworks",
				);
				MARKETING_VERSION = 1.0;
				PRODUCT_BUNDLE_IDENTIFIER = com.sharkberry.Reflections;
				PRODUCT_NAME = "$(TARGET_NAME)";
				PROVISIONING_PROFILE_SPECIFIER = "";
				SUPPORTED_PLATFORMS = "iphoneos iphonesimulator";
				SUPPORTS_MACCATALYST = YES;
				SUPPORTS_MAC_DESIGNED_FOR_IPHONE_IPAD = NO;
				SUPPORTS_XR_DESIGNED_FOR_IPHONE_IPAD = YES;
				SWIFT_EMIT_LOC_STRINGS = YES;
				SWIFT_VERSION = 5.0;
				TARGETED_DEVICE_FAMILY = "1,2,6,7";
			};
			name = Debug;
		};
		43CD2D472A3655F40037E1E4 /* Release */ = {
			isa = XCBuildConfiguration;
			buildSettings = {
				ASSETCATALOG_COMPILER_APPICON_NAME = AppIcon;
				ASSETCATALOG_COMPILER_GLOBAL_ACCENT_COLOR_NAME = AccentColor;
				CODE_SIGN_ENTITLEMENTS = Reflections/Reflections.entitlements;
				CODE_SIGN_STYLE = Manual;
				CURRENT_PROJECT_VERSION = 1;
				DEVELOPMENT_TEAM = "";
				GENERATE_INFOPLIST_FILE = YES;
				INFOPLIST_FILE = Reflections/Info.plist;
				INFOPLIST_KEY_LSApplicationCategoryType = "public.app-category.education";
				INFOPLIST_KEY_UIApplicationSupportsIndirectInputEvents = YES;
				INFOPLIST_KEY_UILaunchStoryboardName = LaunchScreen.storyboard;
				INFOPLIST_KEY_UIMainStoryboardFile = "";
				INFOPLIST_KEY_UISupportedInterfaceOrientations = "UIInterfaceOrientationLandscapeLeft UIInterfaceOrientationLandscapeRight UIInterfaceOrientationPortrait";
				INFOPLIST_KEY_UISupportedInterfaceOrientations_iPad = "UIInterfaceOrientationLandscapeLeft UIInterfaceOrientationLandscapeRight UIInterfaceOrientationPortrait UIInterfaceOrientationPortraitUpsideDown";
				IPHONEOS_DEPLOYMENT_TARGET = 16;
				LD_RUNPATH_SEARCH_PATHS = (
					"$(inherited)",
					"@executable_path/Frameworks",
				);
				MARKETING_VERSION = 1.0;
				PRODUCT_BUNDLE_IDENTIFIER = com.sharkberry.Reflections;
				PRODUCT_NAME = "$(TARGET_NAME)";
				PROVISIONING_PROFILE_SPECIFIER = "";
				SUPPORTED_PLATFORMS = "iphoneos iphonesimulator";
				SUPPORTS_MACCATALYST = YES;
				SUPPORTS_MAC_DESIGNED_FOR_IPHONE_IPAD = NO;
				SUPPORTS_XR_DESIGNED_FOR_IPHONE_IPAD = YES;
				SWIFT_EMIT_LOC_STRINGS = YES;
				SWIFT_VERSION = 5.0;
				TARGETED_DEVICE_FAMILY = "1,2,6,7";
			};
			name = Release;
		};
		43CD2D492A3655F40037E1E4 /* Debug */ = {
			isa = XCBuildConfiguration;
			buildSettings = {
				ALWAYS_EMBED_SWIFT_STANDARD_LIBRARIES = YES;
				BUNDLE_LOADER = "$(TEST_HOST)";
				CODE_SIGN_STYLE = Automatic;
				CURRENT_PROJECT_VERSION = 1;
				DEVELOPMENT_TEAM = 526YR6WHWC;
				GENERATE_INFOPLIST_FILE = YES;
				IPHONEOS_DEPLOYMENT_TARGET = 16.4;
				MARKETING_VERSION = 1.0;
				PRODUCT_BUNDLE_IDENTIFIER = com.sharkberry.ReflectionsTests;
				PRODUCT_NAME = "$(TARGET_NAME)";
				SWIFT_EMIT_LOC_STRINGS = NO;
				SWIFT_VERSION = 5.0;
				TARGETED_DEVICE_FAMILY = "1,2";
				TEST_HOST = "$(BUILT_PRODUCTS_DIR)/Reflections.app/$(BUNDLE_EXECUTABLE_FOLDER_PATH)/Reflections";
			};
			name = Debug;
		};
		43CD2D4A2A3655F40037E1E4 /* Release */ = {
			isa = XCBuildConfiguration;
			buildSettings = {
				ALWAYS_EMBED_SWIFT_STANDARD_LIBRARIES = YES;
				BUNDLE_LOADER = "$(TEST_HOST)";
				CODE_SIGN_STYLE = Automatic;
				CURRENT_PROJECT_VERSION = 1;
				DEVELOPMENT_TEAM = 526YR6WHWC;
				GENERATE_INFOPLIST_FILE = YES;
				IPHONEOS_DEPLOYMENT_TARGET = 16.4;
				MARKETING_VERSION = 1.0;
				PRODUCT_BUNDLE_IDENTIFIER = com.sharkberry.ReflectionsTests;
				PRODUCT_NAME = "$(TARGET_NAME)";
				SWIFT_EMIT_LOC_STRINGS = NO;
				SWIFT_VERSION = 5.0;
				TARGETED_DEVICE_FAMILY = "1,2";
				TEST_HOST = "$(BUILT_PRODUCTS_DIR)/Reflections.app/$(BUNDLE_EXECUTABLE_FOLDER_PATH)/Reflections";
			};
			name = Release;
		};
/* End XCBuildConfiguration section */

/* Begin XCConfigurationList section */
		43137D2B2A3C88CD0081D90A /* Build configuration list for PBXNativeTarget "WatchReflections Watch App" */ = {
			isa = XCConfigurationList;
			buildConfigurations = (
				43137D2C2A3C88CD0081D90A /* Debug */,
				43137D2D2A3C88CD0081D90A /* Release */,
			);
			defaultConfigurationIsVisible = 0;
			defaultConfigurationName = Release;
		};
		43137D2F2A3C88CD0081D90A /* Build configuration list for PBXNativeTarget "WatchReflections" */ = {
			isa = XCConfigurationList;
			buildConfigurations = (
				43137D302A3C88CD0081D90A /* Debug */,
				43137D312A3C88CD0081D90A /* Release */,
			);
			defaultConfigurationIsVisible = 0;
			defaultConfigurationName = Release;
		};
		43CD2D132A3655F30037E1E4 /* Build configuration list for PBXProject "Reflections" */ = {
			isa = XCConfigurationList;
			buildConfigurations = (
				43CD2D432A3655F40037E1E4 /* Debug */,
				43CD2D442A3655F40037E1E4 /* Release */,
			);
			defaultConfigurationIsVisible = 0;
			defaultConfigurationName = Release;
		};
		43CD2D452A3655F40037E1E4 /* Build configuration list for PBXNativeTarget "Reflections" */ = {
			isa = XCConfigurationList;
			buildConfigurations = (
				43CD2D462A3655F40037E1E4 /* Debug */,
				43CD2D472A3655F40037E1E4 /* Release */,
			);
			defaultConfigurationIsVisible = 0;
			defaultConfigurationName = Release;
		};
		43CD2D482A3655F40037E1E4 /* Build configuration list for PBXNativeTarget "ReflectionsTests" */ = {
			isa = XCConfigurationList;
			buildConfigurations = (
				43CD2D492A3655F40037E1E4 /* Debug */,
				43CD2D4A2A3655F40037E1E4 /* Release */,
			);
			defaultConfigurationIsVisible = 0;
			defaultConfigurationName = Release;
		};
/* End XCConfigurationList section */

/* Begin XCRemoteSwiftPackageReference section */
		43CD2D812A36C61E0037E1E4 /* XCRemoteSwiftPackageReference "nuvem" */ = {
			isa = XCRemoteSwiftPackageReference;
			repositoryURL = "git@github.com:AcademyIFCE/nuvem.git";
			requirement = {
				branch = main;
				kind = branch;
			};
		};
/* End XCRemoteSwiftPackageReference section */

/* Begin XCSwiftPackageProductDependency section */
		43CD2D822A36C61E0037E1E4 /* Nuvem */ = {
			isa = XCSwiftPackageProductDependency;
			package = 43CD2D812A36C61E0037E1E4 /* XCRemoteSwiftPackageReference "nuvem" */;
			productName = Nuvem;
		};
/* End XCSwiftPackageProductDependency section */
	};
	rootObject = 43CD2D102A3655F30037E1E4 /* Project object */;
}
